
Microsoft Visual Studio Solution File, Format Version 12.00
# Visual Studio 15
VisualStudioVersion = 15.0.28307.1062
MinimumVisualStudioVersion = 10.0.40219.1
Project("{FAE04EC0-301F-11D3-BF4B-00C04F79EFBC}") = "PRAMYTASSIST", "PRMYTASSİST\PRAMYTASSIST.csproj", "{8491A47C-52E2-469B-BD70-41A544B60527}"
EndProject
Project("{FAE04EC0-301F-11D3-BF4B-00C04F79EFBC}") = "Entity", "Entity\Entity.csproj", "{D7B40E24-E996-407A-8877-7ED8CE091AA9}"
EndProject
Global
	GlobalSection(SolutionConfigurationPlatforms) = preSolution
		Debug|Any CPU = Debug|Any CPU
		Release|Any CPU = Release|Any CPU
	EndGlobalSection
	GlobalSection(ProjectConfigurationPlatforms) = postSolution
		{8491A47C-52E2-469B-BD70-41A544B60527}.Debug|Any CPU.ActiveCfg = Debug|Any CPU
		{8491A47C-52E2-469B-BD70-41A544B60527}.Debug|Any CPU.Build.0 = Debug|Any CPU
		{8491A47C-52E2-469B-BD70-41A544B60527}.Release|Any CPU.ActiveCfg = Release|Any CPU
		{8491A47C-52E2-469B-BD70-41A544B60527}.Release|Any CPU.Build.0 = Release|Any CPU
		{D7B40E24-E996-407A-8877-7ED8CE091AA9}.Debug|Any CPU.ActiveCfg = Debug|Any CPU
		{D7B40E24-E996-407A-8877-7ED8CE091AA9}.Debug|Any CPU.Build.0 = Debug|Any CPU
		{D7B40E24-E996-407A-8877-7ED8CE091AA9}.Release|Any CPU.ActiveCfg = Release|Any CPU
		{D7B40E24-E996-407A-8877-7ED8CE091AA9}.Release|Any CPU.Build.0 = Release|Any CPU
	EndGlobalSection
	GlobalSection(SolutionProperties) = preSolution
		HideSolutionNode = FALSE
	EndGlobalSection
	GlobalSection(ExtensibilityGlobals) = postSolution
		SolutionGuid = {9BC77CE2-ED1F-4E04-AF1D-3A7D239D6C3D}
	EndGlobalSection
EndGlobal
